{
  "lockfileVersion": 1,
  "configVersion": 1,
  "workspaces": {
    "": {
      "name": "opensrc",
      "dependencies": {
        "commander": "^12.1.0",
        "simple-git": "^3.27.0",
      },
      "devDependencies": {
        "@types/bun": "^1.3.6",
        "@types/node": "^22.10.0",
        "oxfmt": "^0.26.0",
        "typescript": "^5.7.0",
      },
    },
  },
  "packages": {
    "@kwsites/file-exists": ["@kwsites/file-exists@1.1.1", "", { "dependencies": { "debug": "4.4.3" } }, "sha512-m9/5YGR18lIwxSFDwfE3oA7bWuq9kdau6ugN4H2rJeyhFQZcG9AgSHkQtSD15a8WvTgfz9aikZMrKPHvbpqFiw=="],

    "@kwsites/promise-deferred": ["@kwsites/promise-deferred@1.1.1", "", {}, "sha512-GaHYm+c0O9MjZRu0ongGBRbinu8gVAMd2UZjji6jVmqKtZluZnptXGWhz1E8j8D2HJ3f/yMxKAUC0b+57wncIw=="],

    "@oxfmt/darwin-arm64": ["@oxfmt/darwin-arm64@0.26.0", "", { "os": "darwin", "cpu": "arm64" }, "sha512-AAGc+8CffkiWeVgtWf4dPfQwHEE5c/j/8NWH7VGVxxJRCZFdmWcqCXprvL2H6qZFewvDLrFbuSPRCqYCpYGaTQ=="],

    "@oxfmt/darwin-x64": ["@oxfmt/darwin-x64@0.26.0", "", { "os": "darwin", "cpu": "x64" }, "sha512-xFx5ijCTjw577wJvFlZEMmKDnp3HSCcbYdCsLRmC5i3TZZiDe9DEYh3P46uqhzj8BkEw1Vm1ZCWdl48aEYAzvQ=="],

    "@oxfmt/linux-arm64-gnu": ["@oxfmt/linux-arm64-gnu@0.26.0", "", { "os": "linux", "cpu": "arm64" }, "sha512-GubkQeQT5d3B/Jx/IiR7NMkSmXrCZcVI0BPh1i7mpFi8HgD1hQ/LbhiBKAMsMqs5bbugdQOgBEl8bOhe8JhW1g=="],

    "@oxfmt/linux-arm64-musl": ["@oxfmt/linux-arm64-musl@0.26.0", "", { "os": "linux", "cpu": "arm64" }, "sha512-OEypUwK69bFPj+aa3/LYCnlIUPgoOLu//WNcriwpnWNmt47808Ht7RJSg+MNK8a7pSZHpXJ5/E6CRK/OTwFdaQ=="],

    "@oxfmt/linux-x64-gnu": ["@oxfmt/linux-x64-gnu@0.26.0", "", { "os": "linux", "cpu": "x64" }, "sha512-xO6iEW2bC6ZHyOTPmPWrg/nM6xgzyRPaS84rATy6F8d79wz69LdRdJ3l/PXlkqhi7XoxhvX4ExysA0Nf10ZZEQ=="],

    "@oxfmt/linux-x64-musl": ["@oxfmt/linux-x64-musl@0.26.0", "", { "os": "linux", "cpu": "x64" }, "sha512-Z3KuZFC+MIuAyFCXBHY71kCsdRq1ulbsbzTe71v+hrEv7zVBn6yzql+/AZcgfIaKzWO9OXNuz5WWLWDmVALwow=="],

    "@oxfmt/win32-arm64": ["@oxfmt/win32-arm64@0.26.0", "", { "os": "win32", "cpu": "arm64" }, "sha512-3zRbqwVWK1mDhRhTknlQFpRFL9GhEB5GfU6U7wawnuEwpvi39q91kJ+SRJvJnhyPCARkjZBd1V8XnweN5IFd1g=="],

    "@oxfmt/win32-x64": ["@oxfmt/win32-x64@0.26.0", "", { "os": "win32", "cpu": "x64" }, "sha512-m8TfIljU22i9UEIkD+slGPifTFeaCwIUfxszN3E6ABWP1KQbtwSw9Ak0TdoikibvukF/dtbeyG3WW63jv9DnEg=="],

    "@types/node": ["@types/node@22.19.3", "", { "dependencies": { "undici-types": "6.21.0" } }, "sha512-1N9SBnWYOJTrNZCdh/yJE+t910Y128BoyY+zBLWhL3r0TYzlTmFdXrPwHL9DyFZmlEXNQQolTZh3KHV31QDhyA=="],

    "@vitest/expect": ["@vitest/expect@4.0.16", "", { "dependencies": { "@standard-schema/spec": "1.1.0", "@types/chai": "5.2.3", "@vitest/spy": "4.0.16", "@vitest/utils": "4.0.16", "chai": "6.2.2", "tinyrainbow": "3.0.3" } }, "sha512-eshqULT2It7McaJkQGLkPjPjNph+uevROGuIMJdG3V+0BSR2w9u6J9Lwu+E8cK5TETlfou8GRijhafIMhXsimA=="],

    "@vitest/mocker": ["@vitest/mocker@4.0.16", "", { "dependencies": { "@vitest/spy": "4.0.16", "estree-walker": "3.0.3", "magic-string": "0.30.21" }, "optionalDependencies": { "vite": "7.3.0" } }, "sha512-yb6k4AZxJTB+q9ycAvsoxGn+j/po0UaPgajllBgt1PzoMAAmJGYFdDk0uCcRcxb3BrME34I6u8gHZTQlkqSZpg=="],

    "@vitest/pretty-format": ["@vitest/pretty-format@4.0.16", "", { "dependencies": { "tinyrainbow": "3.0.3" } }, "sha512-eNCYNsSty9xJKi/UdVD8Ou16alu7AYiS2fCPRs0b1OdhJiV89buAXQLpTbe+X8V9L6qrs9CqyvU7OaAopJYPsA=="],

    "@vitest/runner": ["@vitest/runner@4.0.16", "", { "dependencies": { "@vitest/utils": "4.0.16", "pathe": "2.0.3" } }, "sha512-VWEDm5Wv9xEo80ctjORcTQRJ539EGPB3Pb9ApvVRAY1U/WkHXmmYISqU5E79uCwcW7xYUV38gwZD+RV755fu3Q=="],

    "@vitest/snapshot": ["@vitest/snapshot@4.0.16", "", { "dependencies": { "@vitest/pretty-format": "4.0.16", "magic-string": "0.30.21", "pathe": "2.0.3" } }, "sha512-sf6NcrYhYBsSYefxnry+DR8n3UV4xWZwWxYbCJUt2YdvtqzSPR7VfGrY0zsv090DAbjFZsi7ZaMi1KnSRyK1XA=="],

    "@vitest/spy": ["@vitest/spy@4.0.16", "", {}, "sha512-4jIOWjKP0ZUaEmJm00E0cOBLU+5WE0BpeNr3XN6TEF05ltro6NJqHWxXD0kA8/Zc8Nh23AT8WQxwNG+WeROupw=="],

    "@vitest/utils": ["@vitest/utils@4.0.16", "", { "dependencies": { "@vitest/pretty-format": "4.0.16", "tinyrainbow": "3.0.3" } }, "sha512-h8z9yYhV3e1LEfaQ3zdypIrnAg/9hguReGZoS7Gl0aBG5xgA410zBqECqmaF/+RkTggRsfnzc1XaAHA6bmUufA=="],

    "assertion-error": ["assertion-error@2.0.1", "", {}, "sha512-Izi8RQcffqCeNVgFigKli1ssklIbpHnCYc6AknXGYoB6grJqyeby7jv12JUQgmTAnIDnbck1uxksT4dzN3PWBA=="],

    "chai": ["chai@6.2.2", "", {}, "sha512-NUPRluOfOiTKBKvWPtSD4PhFvWCqOi0BGStNWs57X9js7XGTprSmFoz5F0tWhR4WPjNeR9jXqdC7/UpSJTnlRg=="],

    "bun-types": ["bun-types@1.3.6", "", { "dependencies": { "@types/node": "*" } }, "sha512-OlFwHcnNV99r//9v5IIOgQ9Uk37gZqrNMCcqEaExdkVq3Avwqok1bJFmvGMCkCE0FqzdY8VMOZpfpR3lwI+CsQ=="],

    "commander": ["commander@12.1.0", "", {}, "sha512-Vw8qHK3bZM9y/P10u3Vib8o/DdkvA2OtPtZvD871QKjy74Wj1WSKFILMPRPSdUSx5RFK1arlJzEtA4PkFgnbuA=="],

    "debug": ["debug@4.4.3", "", { "dependencies": { "ms": "2.1.3" } }, "sha512-RGwwWnwQvkVfavKVt22FGLw+xYSdzARwm0ru6DhTVA3umU5hZc28V3kO4stgYryrTlLpuvgI9GiijltAjNbcqA=="],

    "ms": ["ms@2.1.3", "", {}, "sha512-6FlzubTLZG3J2a/NVCAleEhjzq5oxgHyaCU9yYXvcLsvoVaHJq/s5xXI6/XXP6tz7R9xAOtHnSO/tXtF3WRTlA=="],

    "oxfmt": ["oxfmt@0.26.0", "", { "dependencies": { "tinypool": "2.0.0" }, "optionalDependencies": { "@oxfmt/darwin-arm64": "0.26.0", "@oxfmt/darwin-x64": "0.26.0", "@oxfmt/linux-arm64-gnu": "0.26.0", "@oxfmt/linux-arm64-musl": "0.26.0", "@oxfmt/linux-x64-gnu": "0.26.0", "@oxfmt/linux-x64-musl": "0.26.0", "@oxfmt/win32-arm64": "0.26.0", "@oxfmt/win32-x64": "0.26.0" }, "bin": { "oxfmt": "bin/oxfmt" } }, "sha512-UDD1wFNwfeorMm2ZY0xy1KRAAvJ5NjKBfbDmiMwGP7baEHTq65cYpC0aPP+BGHc8weXUbSZaK8MdGyvuRUvS4Q=="],

    "simple-git": ["simple-git@3.30.0", "", { "dependencies": { "@kwsites/file-exists": "1.1.1", "@kwsites/promise-deferred": "1.1.1", "debug": "4.4.3" } }, "sha512-q6lxyDsCmEal/MEGhP1aVyQ3oxnagGlBDOVSIB4XUVLl1iZh0Pah6ebC9V4xBap/RfgP2WlI8EKs0WS0rMEJHg=="],

    "tinypool": ["tinypool@2.0.0", "", {}, "sha512-/RX9RzeH2xU5ADE7n2Ykvmi9ED3FBGPAjw9u3zucrNNaEBIO0HPSYgL0NT7+3p147ojeSdaVu08F6hjpv31HJg=="],

    "typescript": ["typescript@5.9.3", "", { "bin": { "tsc": "bin/tsc", "tsserver": "bin/tsserver" } }, "sha512-jl1vZzPDinLr9eUt3J/t7V6FgNEw9QjvBPdysz9KfQDD41fQrC2Y4vKQdiaUpFT4bXlb1RHhLpp8wtm6M5TgSw=="],

    "undici-types": ["undici-types@6.21.0", "", {}, "sha512-iwDZqg0QAGrg9Rav5H4n0M64c3mkR59cJ6wQp+7C4nI0gsmExaedaYLNO44eT4AtBBwjbTiGPMlt2Md0T9H9JQ=="],
  }
}
